
Microsoft Visual Studio Solution File, Format Version 12.00
# Visual Studio Version 16
VisualStudioVersion = 16.0.28407.52
MinimumVisualStudioVersion = 10.0.40219.1
Project("{FAE04EC0-301F-11D3-BF4B-00C04F79EFBC}") = "DataToGraph", "DataToGraph\DataToGraph.csproj", "{BCECA1F9-2C52-4D2D-81FF-F7A0CC6F8DBB}"
EndProject
Global
	GlobalSection(SolutionConfigurationPlatforms) = preSolution
		Debug|Any CPU = Debug|Any CPU
		Release|Any CPU = Release|Any CPU
	EndGlobalSection
	GlobalSection(ProjectConfigurationPlatforms) = postSolution
		{BCECA1F9-2C52-4D2D-81FF-F7A0CC6F8DBB}.Debug|Any CPU.ActiveCfg = Debug|Any CPU
		{BCECA1F9-2C52-4D2D-81FF-F7A0CC6F8DBB}.Debug|Any CPU.Build.0 = Debug|Any CPU
		{BCECA1F9-2C52-4D2D-81FF-F7A0CC6F8DBB}.Release|Any CPU.ActiveCfg = Release|Any CPU
		{BCECA1F9-2C52-4D2D-81FF-F7A0CC6F8DBB}.Release|Any CPU.Build.0 = Release|Any CPU
	EndGlobalSection
	GlobalSection(SolutionProperties) = preSolution
		HideSolutionNode = FALSE
	EndGlobalSection
	GlobalSection(ExtensibilityGlobals) = postSolution
		SolutionGuid = {55B95C26-D45B-4A2F-B695-81E891F1C5CB}
	EndGlobalSection
EndGlobal
